// !$*UTF8*$!
{
	archiveVersion = 1;
	classes = {
	};
	objectVersion = 50;
	objects = {

/* Begin PBXBuildFile section */
		337B92F925A48E1500D19EF0 /* AppDelegate.swift in Sources */ = {isa = PBXBuildFile; fileRef = 337B92F825A48E1500D19EF0 /* AppDelegate.swift */; };
		337B92FB25A48E1500D19EF0 /* SceneDelegate.swift in Sources */ = {isa = PBXBuildFile; fileRef = 337B92FA25A48E1500D19EF0 /* SceneDelegate.swift */; };
		337B92FD25A48E1500D19EF0 /* ViewController.swift in Sources */ = {isa = PBXBuildFile; fileRef = 337B92FC25A48E1500D19EF0 /* ViewController.swift */; };
		337B930025A48E1500D19EF0 /* Main.storyboard in Resources */ = {isa = PBXBuildFile; fileRef = 337B92FE25A48E1500D19EF0 /* Main.storyboard */; };
		337B930225A48E1700D19EF0 /* Assets.xcassets in Resources */ = {isa = PBXBuildFile; fileRef = 337B930125A48E1700D19EF0 /* Assets.xcassets */; };
		337B930525A48E1700D19EF0 /* LaunchScreen.storyboard in Resources */ = {isa = PBXBuildFile; fileRef = 337B930325A48E1700D19EF0 /* LaunchScreen.storyboard */; };
		337B931025A48E1800D19EF0 /* ScrollView_StoryboardTests.swift in Sources */ = {isa = PBXBuildFile; fileRef = 337B930F25A48E1800D19EF0 /* ScrollView_StoryboardTests.swift */; };
		337B931B25A48E1800D19EF0 /* ScrollView_StoryboardUITests.swift in Sources */ = {isa = PBXBuildFile; fileRef = 337B931A25A48E1800D19EF0 /* ScrollView_StoryboardUITests.swift */; };
/* End PBXBuildFile section */

/* Begin PBXContainerItemProxy section */
		337B930C25A48E1800D19EF0 /* PBXContainerItemProxy */ = {
			isa = PBXContainerItemProxy;
			containerPortal = 337B92ED25A48E1500D19EF0 /* Project object */;
			proxyType = 1;
			remoteGlobalIDString = 337B92F425A48E1500D19EF0;
			remoteInfo = ScrollView_Storyboard;
		};
		337B931725A48E1800D19EF0 /* PBXContainerItemProxy */ = {
			isa = PBXContainerItemProxy;
			containerPortal = 337B92ED25A48E1500D19EF0 /* Project object */;
			proxyType = 1;
			remoteGlobalIDString = 337B92F425A48E1500D19EF0;
			remoteInfo = ScrollView_Storyboard;
		};
/* End PBXContainerItemProxy section */

/* Begin PBXFileReference section */
		337B92F525A48E1500D19EF0 /* ScrollView_Storyboard.app */ = {isa = PBXFileReference; explicitFileType = wrapper.application; includeInIndex = 0; path = ScrollView_Storyboard.app; sourceTree = BUILT_PRODUCTS_DIR; };
		337B92F825A48E1500D19EF0 /* AppDelegate.swift */ = {isa = PBXFileReference; lastKnownFileType = sourcecode.swift; path = AppDelegate.swift; sourceTree = "<group>"; };
		337B92FA25A48E1500D19EF0 /* SceneDelegate.swift */ = {isa = PBXFileReference; lastKnownFileType = sourcecode.swift; path = SceneDelegate.swift; sourceTree = "<group>"; };
		337B92FC25A48E1500D19EF0 /* ViewController.swift */ = {isa = PBXFileReference; lastKnownFileType = sourcecode.swift; path = ViewController.swift; sourceTree = "<group>"; };
		337B92FF25A48E1500D19EF0 /* Base */ = {isa = PBXFileReference; lastKnownFileType = file.storyboard; name = Base; path = Base.lproj/Main.storyboard; sourceTree = "<group>"; };
		337B930125A48E1700D19EF0 /* Assets.xcassets */ = {isa = PBXFileReference; lastKnownFileType = folder.assetcatalog; path = Assets.xcassets; sourceTree = "<group>"; };
		337B930425A48E1700D19EF0 /* Base */ = {isa = PBXFileReference; lastKnownFileType = file.storyboard; name = Base; path = Base.lproj/LaunchScreen.storyboard; sourceTree = "<group>"; };
		337B930625A48E1700D19EF0 /* Info.plist */ = {isa = PBXFileReference; lastKnownFileType = text.plist.xml; path = Info.plist; sourceTree = "<group>"; };
		337B930B25A48E1800D19EF0 /* ScrollView_StoryboardTests.xctest */ = {isa = PBXFileReference; explicitFileType = wrapper.cfbundle; includeInIndex = 0; path = ScrollView_StoryboardTests.xctest; sourceTree = BUILT_PRODUCTS_DIR; };
		337B930F25A48E1800D19EF0 /* ScrollView_StoryboardTests.swift */ = {isa = PBXFileReference; lastKnownFileType = sourcecode.swift; path = ScrollView_StoryboardTests.swift; sourceTree = "<group>"; };
		337B931125A48E1800D19EF0 /* Info.plist */ = {isa = PBXFileReference; lastKnownFileType = text.plist.xml; path = Info.plist; sourceTree = "<group>"; };
		337B931625A48E1800D19EF0 /* ScrollView_StoryboardUITests.xctest */ = {isa = PBXFileReference; explicitFileType = wrapper.cfbundle; includeInIndex = 0; path = ScrollView_StoryboardUITests.xctest; sourceTree = BUILT_PRODUCTS_DIR; };
		337B931A25A48E1800D19EF0 /* ScrollView_StoryboardUITests.swift */ = {isa = PBXFileReference; lastKnownFileType = sourcecode.swift; path = ScrollView_StoryboardUITests.swift; sourceTree = "<group>"; };
		337B931C25A48E1800D19EF0 /* Info.plist */ = {isa = PBXFileReference; lastKnownFileType = text.plist.xml; path = Info.plist; sourceTree = "<group>"; };
/* End PBXFileReference section */

/* Begin PBXFrameworksBuildPhase section */
		337B92F225A48E1500D19EF0 /* Frameworks */ = {
			isa = PBXFrameworksBuildPhase;
			buildActionMask = 2147483647;
			files = (
			);
			runOnlyForDeploymentPostprocessing = 0;
		};
		337B930825A48E1800D19EF0 /* Frameworks */ = {
			isa = PBXFrameworksBuildPhase;
			buildActionMask = 2147483647;
			files = (
			);
			runOnlyForDeploymentPostprocessing = 0;
		};
		337B931325A48E1800D19EF0 /* Frameworks */ = {
			isa = PBXFrameworksBuildPhase;
			buildActionMask = 2147483647;
			files = (
			);
			runOnlyForDeploymentPostprocessing = 0;
		};
/* End PBXFrameworksBuildPhase section */

/* Begin PBXGroup section */
		337B92EC25A48E1500D19EF0 = {
			isa = PBXGroup;
			children = (
				337B92F725A48E1500D19EF0 /* ScrollView_Storyboard */,
				337B930E25A48E1800D19EF0 /* ScrollView_StoryboardTests */,
				337B931925A48E1800D19EF0 /* ScrollView_StoryboardUITests */,
				337B92F625A48E1500D19EF0 /* Products */,
			);
			sourceTree = "<group>";
		};
		337B92F625A48E1500D19EF0 /* Products */ = {
			isa = PBXGroup;
			children = (
				337B92F525A48E1500D19EF0 /* ScrollView_Storyboard.app */,
				337B930B25A48E1800D19EF0 /* ScrollView_StoryboardTests.xctest */,
				337B931625A48E1800D19EF0 /* ScrollView_StoryboardUITests.xctest */,
			);
			name = Products;
			sourceTree = "<group>";
		};
		337B92F725A48E1500D19EF0 /* ScrollView_Storyboard */ = {
			isa = PBXGroup;
			children = (
				337B92F825A48E1500D19EF0 /* AppDelegate.swift */,
				337B92FA25A48E1500D19EF0 /* SceneDelegate.swift */,
				337B92FC25A48E1500D19EF0 /* ViewController.swift */,
				337B92FE25A48E1500D19EF0 /* Main.storyboard */,
				337B930125A48E1700D19EF0 /* Assets.xcassets */,
				337B930325A48E1700D19EF0 /* LaunchScreen.storyboard */,
				337B930625A48E1700D19EF0 /* Info.plist */,
			);
			path = ScrollView_Storyboard;
			sourceTree = "<group>";
		};
		337B930E25A48E1800D19EF0 /* ScrollView_StoryboardTests */ = {
			isa = PBXGroup;
			children = (
				337B930F25A48E1800D19EF0 /* ScrollView_StoryboardTests.swift */,
				337B931125A48E1800D19EF0 /* Info.plist */,
			);
			path = ScrollView_StoryboardTests;
			sourceTree = "<group>";
		};
		337B931925A48E1800D19EF0 /* ScrollView_StoryboardUITests */ = {
			isa = PBXGroup;
			children = (
				337B931A25A48E1800D19EF0 /* ScrollView_StoryboardUITests.swift */,
				337B931C25A48E1800D19EF0 /* Info.plist */,
			);
			path = ScrollView_StoryboardUITests;
			sourceTree = "<group>";
		};
/* End PBXGroup section */

/* Begin PBXNativeTarget section */
		337B92F425A48E1500D19EF0 /* ScrollView_Storyboard */ = {
			isa = PBXNativeTarget;
			buildConfigurationList = 337B931F25A48E1800D19EF0 /* Build configuration list for PBXNativeTarget "ScrollView_Storyboard" */;
			buildPhases = (
				337B92F125A48E1500D19EF0 /* Sources */,
				337B92F225A48E1500D19EF0 /* Frameworks */,
				337B92F325A48E1500D19EF0 /* Resources */,
			);
			buildRules = (
			);
			dependencies = (
			);
			name = ScrollView_Storyboard;
			productName = ScrollView_Storyboard;
			productReference = 337B92F525A48E1500D19EF0 /* ScrollView_Storyboard.app */;
			productType = "com.apple.product-type.application";
		};
		337B930A25A48E1800D19EF0 /* ScrollView_StoryboardTests */ = {
			isa = PBXNativeTarget;
			buildConfigurationList = 337B932225A48E1800D19EF0 /* Build configuration list for PBXNativeTarget "ScrollView_StoryboardTests" */;
			buildPhases = (
				337B930725A48E1800D19EF0 /* Sources */,
				337B930825A48E1800D19EF0 /* Frameworks */,
				337B930925A48E1800D19EF0 /* Resources */,
			);
			buildRules = (
			);
			dependencies = (
				337B930D25A48E1800D19EF0 /* PBXTargetDependency */,
			);
			name = ScrollView_StoryboardTests;
			productName = ScrollView_StoryboardTests;
			productReference = 337B930B25A48E1800D19EF0 /* ScrollView_StoryboardTests.xctest */;
			productType = "com.apple.product-type.bundle.unit-test";
		};
		337B931525A48E1800D19EF0 /* ScrollView_StoryboardUITests */ = {
			isa = PBXNativeTarget;
			buildConfigurationList = 337B932525A48E1800D19EF0 /* Build configuration list for PBXNativeTarget "ScrollView_StoryboardUITests" */;
			buildPhases = (
				337B931225A48E1800D19EF0 /* Sources */,
				337B931325A48E1800D19EF0 /* Frameworks */,
				337B931425A48E1800D19EF0 /* Resources */,
			);
			buildRules = (
			);
			dependencies = (
				337B931825A48E1800D19EF0 /* PBXTargetDependency */,
			);
			name = ScrollView_StoryboardUITests;
			productName = ScrollView_StoryboardUITests;
			productReference = 337B931625A48E1800D19EF0 /* ScrollView_StoryboardUITests.xctest */;
			productType = "com.apple.product-type.bundle.ui-testing";
		};
/* End PBXNativeTarget section */

/* Begin PBXProject section */
		337B92ED25A48E1500D19EF0 /* Project object */ = {
			isa = PBXProject;
			attributes = {
				LastSwiftUpdateCheck = 1220;
				LastUpgradeCheck = 1220;
				TargetAttributes = {
					337B92F425A48E1500D19EF0 = {
						CreatedOnToolsVersion = 12.2;
					};
					337B930A25A48E1800D19EF0 = {
						CreatedOnToolsVersion = 12.2;
						TestTargetID = 337B92F425A48E1500D19EF0;
					};
					337B931525A48E1800D19EF0 = {
						CreatedOnToolsVersion = 12.2;
						TestTargetID = 337B92F425A48E1500D19EF0;
					};
				};
			};
			buildConfigurationList = 337B92F025A48E1500D19EF0 /* Build configuration list for PBXProject "ScrollView_Storyboard" */;
			compatibilityVersion = "Xcode 9.3";
			developmentRegion = en;
			hasScannedForEncodings = 0;
			knownRegions = (
				en,
				Base,
			);
			mainGroup = 337B92EC25A48E1500D19EF0;
			productRefGroup = 337B92F625A48E1500D19EF0 /* Products */;
			projectDirPath = "";
			projectRoot = "";
			targets = (
				337B92F425A48E1500D19EF0 /* ScrollView_Storyboard */,
				337B930A25A48E1800D19EF0 /* ScrollView_StoryboardTests */,
				337B931525A48E1800D19EF0 /* ScrollView_StoryboardUITests */,
			);
		};
/* End PBXProject section */

/* Begin PBXResourcesBuildPhase section */
		337B92F325A48E1500D19EF0 /* Resources */ = {
			isa = PBXResourcesBuildPhase;
			buildActionMask = 2147483647;
			files = (
				337B930525A48E1700D19EF0 /* LaunchScreen.storyboard in Resources */,
				337B930225A48E1700D19EF0 /* Assets.xcassets in Resources */,
				337B930025A48E1500D19EF0 /* Main.storyboard in Resources */,
			);
			runOnlyForDeploymentPostprocessing = 0;
		};
		337B930925A48E1800D19EF0 /* Resources */ = {
			isa = PBXResourcesBuildPhase;
			buildActionMask = 2147483647;
			files = (
			);
			runOnlyForDeploymentPostprocessing = 0;
		};
		337B931425A48E1800D19EF0 /* Resources */ = {
			isa = PBXResourcesBuildPhase;
			buildActionMask = 2147483647;
			files = (
			);
			runOnlyForDeploymentPostprocessing = 0;
		};
/* End PBXResourcesBuildPhase section */

/* Begin PBXSourcesBuildPhase section */
		337B92F125A48E1500D19EF0 /* Sources */ = {
			isa = PBXSourcesBuildPhase;
			buildActionMask = 2147483647;
			files = (
				337B92FD25A48E1500D19EF0 /* ViewController.swift in Sources */,
				337B92F925A48E1500D19EF0 /* AppDelegate.swift in Sources */,
				337B92FB25A48E1500D19EF0 /* SceneDelegate.swift in Sources */,
			);
			runOnlyForDeploymentPostprocessing = 0;
		};
		337B930725A48E1800D19EF0 /* Sources */ = {
			isa = PBXSourcesBuildPhase;
			buildActionMask = 2147483647;
			files = (
				337B931025A48E1800D19EF0 /* ScrollView_StoryboardTests.swift in Sources */,
			);
			runOnlyForDeploymentPostprocessing = 0;
		};
		337B931225A48E1800D19EF0 /* Sources */ = {
			isa = PBXSourcesBuildPhase;
			buildActionMask = 2147483647;
			files = (
				337B931B25A48E1800D19EF0 /* ScrollView_StoryboardUITests.swift in Sources */,
			);
			runOnlyForDeploymentPostprocessing = 0;
		};
/* End PBXSourcesBuildPhase section */

/* Begin PBXTargetDependency section */
		337B930D25A48E1800D19EF0 /* PBXTargetDependency */ = {
			isa = PBXTargetDependency;
			target = 337B92F425A48E1500D19EF0 /* ScrollView_Storyboard */;
			targetProxy = 337B930C25A48E1800D19EF0 /* PBXContainerItemProxy */;
		};
		337B931825A48E1800D19EF0 /* PBXTargetDependency */ = {
			isa = PBXTargetDependency;
			target = 337B92F425A48E1500D19EF0 /* ScrollView_Storyboard */;
			targetProxy = 337B931725A48E1800D19EF0 /* PBXContainerItemProxy */;
		};
/* End PBXTargetDependency section */

/* Begin PBXVariantGroup section */
		337B92FE25A48E1500D19EF0 /* Main.storyboard */ = {
			isa = PBXVariantGroup;
			children = (
				337B92FF25A48E1500D19EF0 /* Base */,
			);
			name = Main.storyboard;
			sourceTree = "<group>";
		};
		337B930325A48E1700D19EF0 /* LaunchScreen.storyboard */ = {
			isa = PBXVariantGroup;
			children = (
				337B930425A48E1700D19EF0 /* Base */,
			);
			name = LaunchScreen.storyboard;
			sourceTree = "<group>";
		};
/* End PBXVariantGroup section */

/* Begin XCBuildConfiguration section */
		337B931D25A48E1800D19EF0 /* Debug */ = {
			isa = XCBuildConfiguration;
			buildSettings = {
				ALWAYS_SEARCH_USER_PATHS = NO;
				CLANG_ANALYZER_NONNULL = YES;
				CLANG_ANALYZER_NUMBER_OBJECT_CONVERSION = YES_AGGRESSIVE;
				CLANG_CXX_LANGUAGE_STANDARD = "gnu++14";
				CLANG_CXX_LIBRARY = "libc++";
				CLANG_ENABLE_MODULES = YES;
				CLANG_ENABLE_OBJC_ARC = YES;
				CLANG_ENABLE_OBJC_WEAK = YES;
				CLANG_WARN_BLOCK_CAPTURE_AUTORELEASING = YES;
				CLANG_WARN_BOOL_CONVERSION = YES;
				CLANG_WARN_COMMA = YES;
				CLANG_WARN_CONSTANT_CONVERSION = YES;
				CLANG_WARN_DEPRECATED_OBJC_IMPLEMENTATIONS = YES;
				CLANG_WARN_DIRECT_OBJC_ISA_USAGE = YES_ERROR;
				CLANG_WARN_DOCUMENTATION_COMMENTS = YES;
				CLANG_WARN_EMPTY_BODY = YES;
				CLANG_WARN_ENUM_CONVERSION = YES;
				CLANG_WARN_INFINITE_RECURSION = YES;
				CLANG_WARN_INT_CONVERSION = YES;
				CLANG_WARN_NON_LITERAL_NULL_CONVERSION = YES;
				CLANG_WARN_OBJC_IMPLICIT_RETAIN_SELF = YES;
				CLANG_WARN_OBJC_LITERAL_CONVERSION = YES;
				CLANG_WARN_OBJC_ROOT_CLASS = YES_ERROR;
				CLANG_WARN_QUOTED_INCLUDE_IN_FRAMEWORK_HEADER = YES;
				CLANG_WARN_RANGE_LOOP_ANALYSIS = YES;
				CLANG_WARN_STRICT_PROTOTYPES = YES;
				CLANG_WARN_SUSPICIOUS_MOVE = YES;
				CLANG_WARN_UNGUARDED_AVAILABILITY = YES_AGGRESSIVE;
				CLANG_WARN_UNREACHABLE_CODE = YES;
				CLANG_WARN__DUPLICATE_METHOD_MATCH = YES;
				COPY_PHASE_STRIP = NO;
				DEBUG_INFORMATION_FORMAT = dwarf;
				ENABLE_STRICT_OBJC_MSGSEND = YES;
				ENABLE_TESTABILITY = YES;
				GCC_C_LANGUAGE_STANDARD = gnu11;
				GCC_DYNAMIC_NO_PIC = NO;
				GCC_NO_COMMON_BLOCKS = YES;
				GCC_OPTIMIZATION_LEVEL = 0;
				GCC_PREPROCESSOR_DEFINITIONS = (
					"DEBUG=1",
					"$(inherited)",
				);
				GCC_WARN_64_TO_32_BIT_CONVERSION = YES;
				GCC_WARN_ABOUT_RETURN_TYPE = YES_ERROR;
				GCC_WARN_UNDECLARED_SELECTOR = YES;
				GCC_WARN_UNINITIALIZED_AUTOS = YES_AGGRESSIVE;
				GCC_WARN_UNUSED_FUNCTION = YES;
				GCC_WARN_UNUSED_VARIABLE = YES;
				IPHONEOS_DEPLOYMENT_TARGET = 14.2;
				MTL_ENABLE_DEBUG_INFO = INCLUDE_SOURCE;
				MTL_FAST_MATH = YES;
				ONLY_ACTIVE_ARCH = YES;
				SDKROOT = iphoneos;
				SWIFT_ACTIVE_COMPILATION_CONDITIONS = DEBUG;
				SWIFT_OPTIMIZATION_LEVEL = "-Onone";
			};
			name = Debug;
		};
		337B931E25A48E1800D19EF0 /* Release */ = {
			isa = XCBuildConfiguration;
			buildSettings = {
				ALWAYS_SEARCH_USER_PATHS = NO;
				CLANG_ANALYZER_NONNULL = YES;
				CLANG_ANALYZER_NUMBER_OBJECT_CONVERSION = YES_AGGRESSIVE;
				CLANG_CXX_LANGUAGE_STANDARD = "gnu++14";
				CLANG_CXX_LIBRARY = "libc++";
				CLANG_ENABLE_MODULES = YES;
				CLANG_ENABLE_OBJC_ARC = YES;
				CLANG_ENABLE_OBJC_WEAK = YES;
				CLANG_WARN_BLOCK_CAPTURE_AUTORELEASING = YES;
				CLANG_WARN_BOOL_CONVERSION = YES;
				CLANG_WARN_COMMA = YES;
				CLANG_WARN_CONSTANT_CONVERSION = YES;
				CLANG_WARN_DEPRECATED_OBJC_IMPLEMENTATIONS = YES;
				CLANG_WARN_DIRECT_OBJC_ISA_USAGE = YES_ERROR;
				CLANG_WARN_DOCUMENTATION_COMMENTS = YES;
				CLANG_WARN_EMPTY_BODY = YES;
				CLANG_WARN_ENUM_CONVERSION = YES;
				CLANG_WARN_INFINITE_RECURSION = YES;
				CLANG_WARN_INT_CONVERSION = YES;
				CLANG_WARN_NON_LITERAL_NULL_CONVERSION = YES;
				CLANG_WARN_OBJC_IMPLICIT_RETAIN_SELF = YES;
				CLANG_WARN_OBJC_LITERAL_CONVERSION = YES;
				CLANG_WARN_OBJC_ROOT_CLASS = YES_ERROR;
				CLANG_WARN_QUOTED_INCLUDE_IN_FRAMEWORK_HEADER = YES;
				CLANG_WARN_RANGE_LOOP_ANALYSIS = YES;
				CLANG_WARN_STRICT_PROTOTYPES = YES;
				CLANG_WARN_SUSPICIOUS_MOVE = YES;
				CLANG_WARN_UNGUARDED_AVAILABILITY = YES_AGGRESSIVE;
				CLANG_WARN_UNREACHABLE_CODE = YES;
				CLANG_WARN__DUPLICATE_METHOD_MATCH = YES;
				COPY_PHASE_STRIP = NO;
				DEBUG_INFORMATION_FORMAT = "dwarf-with-dsym";
				ENABLE_NS_ASSERTIONS = NO;
				ENABLE_STRICT_OBJC_MSGSEND = YES;
				GCC_C_LANGUAGE_STANDARD = gnu11;
				GCC_NO_COMMON_BLOCKS = YES;
				GCC_WARN_64_TO_32_BIT_CONVERSION = YES;
				GCC_WARN_ABOUT_RETURN_TYPE = YES_ERROR;
				GCC_WARN_UNDECLARED_SELECTOR = YES;
				GCC_WARN_UNINITIALIZED_AUTOS = YES_AGGRESSIVE;
				GCC_WARN_UNUSED_FUNCTION = YES;
				GCC_WARN_UNUSED_VARIABLE = YES;
				IPHONEOS_DEPLOYMENT_TARGET = 14.2;
				MTL_ENABLE_DEBUG_INFO = NO;
				MTL_FAST_MATH = YES;
				SDKROOT = iphoneos;
				SWIFT_COMPILATION_MODE = wholemodule;
				SWIFT_OPTIMIZATION_LEVEL = "-O";
				VALIDATE_PRODUCT = YES;
			};
			name = Release;
		};
		337B932025A48E1800D19EF0 /* Debug */ = {
			isa = XCBuildConfiguration;
			buildSettings = {
				ASSETCATALOG_COMPILER_APPICON_NAME = AppIcon;
				ASSETCATALOG_COMPILER_GLOBAL_ACCENT_COLOR_NAME = AccentColor;
				CODE_SIGN_STYLE = Automatic;
				DEVELOPMENT_TEAM = B76298422B;
				INFOPLIST_FILE = ScrollView_Storyboard/Info.plist;
				LD_RUNPATH_SEARCH_PATHS = (
					"$(inherited)",
					"@executable_path/Frameworks",
				);
				PRODUCT_BUNDLE_IDENTIFIER = "com.vasilieva.ScrollView-Storyboard";
				PRODUCT_NAME = "$(TARGET_NAME)";
				SWIFT_VERSION = 5.0;
				TARGETED_DEVICE_FAMILY = "1,2";
			};
			name = Debug;
		};
		337B932125A48E1800D19EF0 /* Release */ = {
			isa = XCBuildConfiguration;
			buildSettings = {
				ASSETCATALOG_COMPILER_APPICON_NAME = AppIcon;
				ASSETCATALOG_COMPILER_GLOBAL_ACCENT_COLOR_NAME = AccentColor;
				CODE_SIGN_STYLE = Automatic;
				DEVELOPMENT_TEAM = B76298422B;
				INFOPLIST_FILE = ScrollView_Storyboard/Info.plist;
				LD_RUNPATH_SEARCH_PATHS = (
					"$(inherited)",
					"@executable_path/Frameworks",
				);
				PRODUCT_BUNDLE_IDENTIFIER = "com.vasilieva.ScrollView-Storyboard";
				PRODUCT_NAME = "$(TARGET_NAME)";
				SWIFT_VERSION = 5.0;
				TARGETED_DEVICE_FAMILY = "1,2";
			};
			name = Release;
		};
		337B932325A48E1800D19EF0 /* Debug */ = {
			isa = XCBuildConfiguration;
			buildSettings = {
				ALWAYS_EMBED_SWIFT_STANDARD_LIBRARIES = YES;
				BUNDLE_LOADER = "$(TEST_HOST)";
				CODE_SIGN_STYLE = Automatic;
				DEVELOPMENT_TEAM = B76298422B;
				INFOPLIST_FILE = ScrollView_StoryboardTests/Info.plist;
				IPHONEOS_DEPLOYMENT_TARGET = 14.2;
				LD_RUNPATH_SEARCH_PATHS = (
					"$(inherited)",
					"@executable_path/Frameworks",
					"@loader_path/Frameworks",
				);
				PRODUCT_BUNDLE_IDENTIFIER = "com.vasilieva.ScrollView-StoryboardTests";
				PRODUCT_NAME = "$(TARGET_NAME)";
				SWIFT_VERSION = 5.0;
				TARGETED_DEVICE_FAMILY = "1,2";
				TEST_HOST = "$(BUILT_PRODUCTS_DIR)/ScrollView_Storyboard.app/ScrollView_Storyboard";
			};
			name = Debug;
		};
		337B932425A48E1800D19EF0 /* Release */ = {
			isa = XCBuildConfiguration;
			buildSettings = {
				ALWAYS_EMBED_SWIFT_STANDARD_LIBRARIES = YES;
				BUNDLE_LOADER = "$(TEST_HOST)";
				CODE_SIGN_STYLE = Automatic;
				DEVELOPMENT_TEAM = B76298422B;
				INFOPLIST_FILE = ScrollView_StoryboardTests/Info.plist;
				IPHONEOS_DEPLOYMENT_TARGET = 14.2;
				LD_RUNPATH_SEARCH_PATHS = (
					"$(inherited)",
					"@executable_path/Frameworks",
					"@loader_path/Frameworks",
				);
				PRODUCT_BUNDLE_IDENTIFIER = "com.vasilieva.ScrollView-StoryboardTests";
				PRODUCT_NAME = "$(TARGET_NAME)";
				SWIFT_VERSION = 5.0;
				TARGETED_DEVICE_FAMILY = "1,2";
				TEST_HOST = "$(BUILT_PRODUCTS_DIR)/ScrollView_Storyboard.app/ScrollView_Storyboard";
			};
			name = Release;
		};
		337B932625A48E1800D19EF0 /* Debug */ = {
			isa = XCBuildConfiguration;
			buildSettings = {
				ALWAYS_EMBED_SWIFT_STANDARD_LIBRARIES = YES;
				CODE_SIGN_STYLE = Automatic;
				DEVELOPMENT_TEAM = B76298422B;
				INFOPLIST_FILE = ScrollView_StoryboardUITests/Info.plist;
				LD_RUNPATH_SEARCH_PATHS = (
					"$(inherited)",
					"@executable_path/Frameworks",
					"@loader_path/Frameworks",
				);
				PRODUCT_BUNDLE_IDENTIFIER = "com.vasilieva.ScrollView-StoryboardUITests";
				PRODUCT_NAME = "$(TARGET_NAME)";
				SWIFT_VERSION = 5.0;
				TARGETED_DEVICE_FAMILY = "1,2";
				TEST_TARGET_NAME = ScrollView_Storyboard;
			};
			name = Debug;
		};
		337B932725A48E1800D19EF0 /* Release */ = {
			isa = XCBuildConfiguration;
			buildSettings = {
				ALWAYS_EMBED_SWIFT_STANDARD_LIBRARIES = YES;
				CODE_SIGN_STYLE = Automatic;
				DEVELOPMENT_TEAM = B76298422B;
				INFOPLIST_FILE = ScrollView_StoryboardUITests/Info.plist;
				LD_RUNPATH_SEARCH_PATHS = (
					"$(inherited)",
					"@executable_path/Frameworks",
					"@loader_path/Frameworks",
				);
				PRODUCT_BUNDLE_IDENTIFIER = "com.vasilieva.ScrollView-StoryboardUITests";
				PRODUCT_NAME = "$(TARGET_NAME)";
				SWIFT_VERSION = 5.0;
				TARGETED_DEVICE_FAMILY = "1,2";
				TEST_TARGET_NAME = ScrollView_Storyboard;
			};
			name = Release;
		};
/* End XCBuildConfiguration section */

/* Begin XCConfigurationList section */
		337B92F025A48E1500D19EF0 /* Build configuration list for PBXProject "ScrollView_Storyboard" */ = {
			isa = XCConfigurationList;
			buildConfigurations = (
				337B931D25A48E1800D19EF0 /* Debug */,
				337B931E25A48E1800D19EF0 /* Release */,
			);
			defaultConfigurationIsVisible = 0;
			defaultConfigurationName = Release;
		};
		337B931F25A48E1800D19EF0 /* Build configuration list for PBXNativeTarget "ScrollView_Storyboard" */ = {
			isa = XCConfigurationList;
			buildConfigurations = (
				337B932025A48E1800D19EF0 /* Debug */,
				337B932125A48E1800D19EF0 /* Release */,
			);
			defaultConfigurationIsVisible = 0;
			defaultConfigurationName = Release;
		};
		337B932225A48E1800D19EF0 /* Build configuration list for PBXNativeTarget "ScrollView_StoryboardTests" */ = {
			isa = XCConfigurationList;
			buildConfigurations = (
				337B932325A48E1800D19EF0 /* Debug */,
				337B932425A48E1800D19EF0 /* Release */,
			);
			defaultConfigurationIsVisible = 0;
			defaultConfigurationName = Release;
		};
		337B932525A48E1800D19EF0 /* Build configuration list for PBXNativeTarget "ScrollView_StoryboardUITests" */ = {
			isa = XCConfigurationList;
			buildConfigurations = (
				337B932625A48E1800D19EF0 /* Debug */,
				337B932725A48E1800D19EF0 /* Release */,
			);
			defaultConfigurationIsVisible = 0;
			defaultConfigurationName = Release;
		};
/* End XCConfigurationList section */
	};
	rootObject = 337B92ED25A48E1500D19EF0 /* Project object */;
}
